
Microsoft Visual Studio Solution File, Format Version 12.00
# Visual Studio Version 16
VisualStudioVersion = 16.0.29728.190
MinimumVisualStudioVersion = 10.0.40219.1
Project("{9A19103F-16F7-4668-BE54-9A1E7A4F7556}") = "IText7Example", "IText7Example\IText7Example.csproj", "{C446F0BF-BE01-4AEA-9B24-A954094AA27A}"
EndProject
Global
	GlobalSection(SolutionConfigurationPlatforms) = preSolution
		Debug|Any CPU = Debug|Any CPU
		Release|Any CPU = Release|Any CPU
	EndGlobalSection
	GlobalSection(ProjectConfigurationPlatforms) = postSolution
		{C446F0BF-BE01-4AEA-9B24-A954094AA27A}.Debug|Any CPU.ActiveCfg = Debug|Any CPU
		{C446F0BF-BE01-4AEA-9B24-A954094AA27A}.Debug|Any CPU.Build.0 = Debug|Any CPU
		{C446F0BF-BE01-4AEA-9B24-A954094AA27A}.Release|Any CPU.ActiveCfg = Release|Any CPU
		{C446F0BF-BE01-4AEA-9B24-A954094AA27A}.Release|Any CPU.Build.0 = Release|Any CPU
	EndGlobalSection
	GlobalSection(SolutionProperties) = preSolution
		HideSolutionNode = FALSE
	EndGlobalSection
	GlobalSection(ExtensibilityGlobals) = postSolution
		SolutionGuid = {AD283D73-01E4-4041-B316-3CD7E6F3C592}
	EndGlobalSection
EndGlobal
